lockfileVersion: '9.0'

settings:
  autoInstallPeers: true
  excludeLinksFromLockfile: false

importers:

  .:
    dependencies:
      matrix-js-sdk:
        specifier: ^41.4.0
        version: 41.4.0
    devDependencies:
      '@types/node':
        specifier: ^22.0.0
        version: 22.19.18
      typescript:
        specifier: ^5.6.0
        version: 5.9.3

packages:

  '@babel/runtime@7.29.2':
    resolution: {integrity: sha512-JiDShH45zKHWyGe4ZNVRrCjBz8Nh9TMmZG1kh4QTK8hCBTWBi8Da+i7s1fJw7/lYpM4ccepSNfqzZ/QvABBi5g==}
    engines: {node: '>=6.9.0'}

  '@matrix-org/matrix-sdk-crypto-wasm@18.2.0':
    resolution: {integrity: sha512-puyZefvq6sHfqlmkri8umhA44724H2JL0YtX8wlvhGuNl8awX/Q1tZyW2Iekm9ZJP7BtuOqlNdg9oQd6iaGbNw==}
    engines: {node: '>= 18'}

  '@types/events@3.0.3':
    resolution: {integrity: sha512-trOc4AAUThEz9hapPtSd7wf5tiQKvTtu5b371UxXdTuqzIh0ArcRspRP0i0Viu+LXstIQ1z96t1nsPxT9ol01g==}

  '@types/node@22.19.18':
    resolution: {integrity: sha512-9v00a+dn2yWVsYDEunWC4g/TcRKVq3r8N5FuZp7u0SGrPvdN9c2yXI9bBuf5Fl0hNCb+QTIePTn5pJs2pwBOQQ==}

  another-json@0.2.0:
    resolution: {integrity: sha512-/Ndrl68UQLhnCdsAzEXLMFuOR546o2qbYRqCglaNHbjXrwG1ayTcdwr3zkSGOGtGXDyR5X9nCFfnyG2AFJIsqg==}

  base-x@5.0.1:
    resolution: {integrity: sha512-M7uio8Zt++eg3jPj+rHMfCC+IuygQHHCOU+IYsVtik6FWjuYpVt/+MRKcgsAMHh8mMFAwnB+Bs+mTrFiXjMzKg==}

  bs58@6.0.0:
    resolution: {integrity: sha512-PD0wEnEYg6ijszw/u8s+iI3H17cTymlrwkKhDhPZq+Sokl3AU4htyBFTjAeNAlCCmg0f53g6ih3jATyCKftTfw==}

  content-type@1.0.5:
    resolution: {integrity: sha512-nTjqfcBFEipKdXCv4YDQWCfmcLZKm81ldF0pAopTvyrFGVbcR6P/VAAd5G7N+0tTr8QqiU0tFadD6FK4NtJwOA==}
    engines: {node: '>= 0.6'}

  events@3.3.0:
    resolution: {integrity: sha512-mQw+2fkQbALzQ7V0MY0IqdnXNOeTtP4r0lN9z7AAawCXgqea7bDii20AYrIBrFd/Hx0M2Ocz6S111CaFkUcb0Q==}
    engines: {node: '>=0.8.x'}

  is-network-error@1.3.2:
    resolution: {integrity: sha512-PhBY86zaxNZUuWP6h13Vu5oFe0XY6/UlKzQnYFELzGVHygP3MxmvTfYSG7GN3aIab/iWudSMgjSnG9Dq+nHrgA==}
    engines: {node: '>=16'}

  jwt-decode@4.0.0:
    resolution: {integrity: sha512-+KJGIyHgkGuIq3IEBNftfhW/LfWhXUIY6OmyVWjliu5KH1y0fw7VQ8YndE2O4qZdMSd9SqbnC8GOcZEy0Om7sA==}
    engines: {node: '>=18'}

  loglevel@1.9.2:
    resolution: {integrity: sha512-HgMmCqIJSAKqo68l0rS2AanEWfkxaZ5wNiEFb5ggm08lDs9Xl2KxBlX3PTcaD2chBM1gXAYf491/M2Rv8Jwayg==}
    engines: {node: '>= 0.6.0'}

  matrix-events-sdk@0.0.1:
    resolution: {integrity: sha512-1QEOsXO+bhyCroIe2/A5OwaxHvBm7EsSQ46DEDn8RBIfQwN5HWBpFvyWWR4QY0KHPPnnJdI99wgRiAl7Ad5qaA==}

  matrix-js-sdk@41.4.0:
    resolution: {integrity: sha512-xlYXXb91T89rELlnZCRfrDd4Gpkv+F0owvsaSZ8709jR1upf/zVMpOK8d3jpvW9KFkrCkoSwTRE+zqmLqzYfhA==}
    engines: {node: '>=22.0.0'}

  matrix-widget-api@1.17.0:
    resolution: {integrity: sha512-5FHoo3iEP3Bdlv5jsYPWOqj+pGdFQNLWnJLiB0V7Ygne7bb+Gsj3ibyFyHWC6BVw+Z+tSW4ljHpO17I9TwStwQ==}

  oidc-client-ts@3.5.0:
    resolution: {integrity: sha512-l2q8l9CTCTOlbX+AnK4p3M+4CEpKpyQhle6blQkdFhm0IsBqsxm15bYaSa11G7pWdsYr6epdsRZxJpCyCRbT8A==}
    engines: {node: '>=18'}

  p-retry@8.0.0:
    resolution: {integrity: sha512-kFVqH1HxOHp8LupNsOys7bSV09VYTRLxarH/mokO4Rqhk6wGi70E0jh4VzvVGXfEVNggHoHLAMWsQqHyU1Ey9A==}
    engines: {node: '>=22'}

  sdp-transform@3.0.0:
    resolution: {integrity: sha512-gfYVRGxjHkGF2NPeUWHw5u6T/KGFtS5/drPms73gaSuMaVHKCY3lpLnGDfswVQO0kddeePoti09AwhYP4zA8dQ==}
    hasBin: true

  typescript@5.9.3:
    resolution: {integrity: sha512-jl1vZzPDinLr9eUt3J/t7V6FgNEw9QjvBPdysz9KfQDD41fQrC2Y4vKQdiaUpFT4bXlb1RHhLpp8wtm6M5TgSw==}
    engines: {node: '>=14.17'}
    hasBin: true

  undici-types@6.21.0:
    resolution: {integrity: sha512-iwDZqg0QAGrg9Rav5H4n0M64c3mkR59cJ6wQp+7C4nI0gsmExaedaYLNO44eT4AtBBwjbTiGPMlt2Md0T9H9JQ==}

  unhomoglyph@1.0.6:
    resolution: {integrity: sha512-7uvcWI3hWshSADBu4JpnyYbTVc7YlhF5GDW/oPD5AxIxl34k4wXR3WDkPnzLxkN32LiTCTKMQLtKVZiwki3zGg==}

  uuid@13.0.2:
    resolution: {integrity: sha512-vzi9uRZ926x4XV73S/4qQaTwPXM2JBj6/6lI/byHH1jOpCzb0zDbfytgA9LcN/hzb2l7WQSQnxITOVx5un/wGw==}
    hasBin: true

snapshots:

  '@babel/runtime@7.29.2': {}

  '@matrix-org/matrix-sdk-crypto-wasm@18.2.0': {}

  '@types/events@3.0.3': {}

  '@types/node@22.19.18':
    dependencies:
      undici-types: 6.21.0

  another-json@0.2.0: {}

  base-x@5.0.1: {}

  bs58@6.0.0:
    dependencies:
      base-x: 5.0.1

  content-type@1.0.5: {}

  events@3.3.0: {}

  is-network-error@1.3.2: {}

  jwt-decode@4.0.0: {}

  loglevel@1.9.2: {}

  matrix-events-sdk@0.0.1: {}

  matrix-js-sdk@41.4.0:
    dependencies:
      '@babel/runtime': 7.29.2
      '@matrix-org/matrix-sdk-crypto-wasm': 18.2.0
      another-json: 0.2.0
      bs58: 6.0.0
      content-type: 1.0.5
      jwt-decode: 4.0.0
      loglevel: 1.9.2
      matrix-events-sdk: 0.0.1
      matrix-widget-api: 1.17.0
      oidc-client-ts: 3.5.0
      p-retry: 8.0.0
      sdp-transform: 3.0.0
      unhomoglyph: 1.0.6
      uuid: 13.0.2

  matrix-widget-api@1.17.0:
    dependencies:
      '@types/events': 3.0.3
      events: 3.3.0

  oidc-client-ts@3.5.0:
    dependencies:
      jwt-decode: 4.0.0

  p-retry@8.0.0:
    dependencies:
      is-network-error: 1.3.2

  sdp-transform@3.0.0: {}

  typescript@5.9.3: {}

  undici-types@6.21.0: {}

  unhomoglyph@1.0.6: {}

  uuid@13.0.2: {}
